
Microsoft Visual Studio Solution File, Format Version 12.00
# Visual Studio 15
VisualStudioVersion = 15.0.27130.2036
MinimumVisualStudioVersion = 10.0.40219.1
Project("{FAE04EC0-301F-11D3-BF4B-00C04F79EFBC}") = "IdentityServer", "WallabyApp\IdentityServer.csproj", "{18E7E9FB-5D69-45BC-ADB1-27BA993FB257}"
EndProject
Project("{FAE04EC0-301F-11D3-BF4B-00C04F79EFBC}") = "WallabyApi", "WallabyApi\WallabyApi.csproj", "{D7E59D47-B700-45ED-8DB9-E09FB2C71D19}"
EndProject
Project("{FAE04EC0-301F-11D3-BF4B-00C04F79EFBC}") = "WallabyConsoleClient", "WallabyClient\WallabyConsoleClient.csproj", "{BE0C7B95-A73F-48FF-A27B-3A6A0C2134C8}"
EndProject
Project("{FAE04EC0-301F-11D3-BF4B-00C04F79EFBC}") = "WallabyWebClient", "WallabyWebClient\WallabyWebClient.csproj", "{3B72B97D-A025-4C23-BF60-9143237D7CF0}"
EndProject
Global
	GlobalSection(SolutionConfigurationPlatforms) = preSolution
		Debug|Any CPU = Debug|Any CPU
		Release|Any CPU = Release|Any CPU
	EndGlobalSection
	GlobalSection(ProjectConfigurationPlatforms) = postSolution
		{18E7E9FB-5D69-45BC-ADB1-27BA993FB257}.Debug|Any CPU.ActiveCfg = Debug|Any CPU
		{18E7E9FB-5D69-45BC-ADB1-27BA993FB257}.Debug|Any CPU.Build.0 = Debug|Any CPU
		{18E7E9FB-5D69-45BC-ADB1-27BA993FB257}.Release|Any CPU.ActiveCfg = Release|Any CPU
		{18E7E9FB-5D69-45BC-ADB1-27BA993FB257}.Release|Any CPU.Build.0 = Release|Any CPU
		{D7E59D47-B700-45ED-8DB9-E09FB2C71D19}.Debug|Any CPU.ActiveCfg = Debug|Any CPU
		{D7E59D47-B700-45ED-8DB9-E09FB2C71D19}.Debug|Any CPU.Build.0 = Debug|Any CPU
		{D7E59D47-B700-45ED-8DB9-E09FB2C71D19}.Release|Any CPU.ActiveCfg = Release|Any CPU
		{D7E59D47-B700-45ED-8DB9-E09FB2C71D19}.Release|Any CPU.Build.0 = Release|Any CPU
		{BE0C7B95-A73F-48FF-A27B-3A6A0C2134C8}.Debug|Any CPU.ActiveCfg = Debug|Any CPU
		{BE0C7B95-A73F-48FF-A27B-3A6A0C2134C8}.Debug|Any CPU.Build.0 = Debug|Any CPU
		{BE0C7B95-A73F-48FF-A27B-3A6A0C2134C8}.Release|Any CPU.ActiveCfg = Release|Any CPU
		{BE0C7B95-A73F-48FF-A27B-3A6A0C2134C8}.Release|Any CPU.Build.0 = Release|Any CPU
		{3B72B97D-A025-4C23-BF60-9143237D7CF0}.Debug|Any CPU.ActiveCfg = Debug|Any CPU
		{3B72B97D-A025-4C23-BF60-9143237D7CF0}.Debug|Any CPU.Build.0 = Debug|Any CPU
		{3B72B97D-A025-4C23-BF60-9143237D7CF0}.Release|Any CPU.ActiveCfg = Release|Any CPU
		{3B72B97D-A025-4C23-BF60-9143237D7CF0}.Release|Any CPU.Build.0 = Release|Any CPU
	EndGlobalSection
	GlobalSection(SolutionProperties) = preSolution
		HideSolutionNode = FALSE
	EndGlobalSection
	GlobalSection(ExtensibilityGlobals) = postSolution
		SolutionGuid = {348BB32B-297F-48FB-9DBE-3878286AC42E}
	EndGlobalSection
EndGlobal
